{
  "originHash" : "272172211271647b0c6c84b3a88c4931ccd76517ab3c5d8fcbf10ebb40603eaa",
  "pins" : [
    {
      "identity" : "keychainaccess",
      "kind" : "remoteSourceControl",
      "location" : "https://github.com/kishikawakatsumi/KeychainAccess.git",
      "state" : {
        "branch" : "master",
        "revision" : "e0c7eebc5a4465a3c4680764f26b7a61f567cdaf"
      }
    },
    {
      "identity" : "rive-ios",
      "kind" : "remoteSourceControl",
      "location" : "https://github.com/rive-app/rive-ios.git",
      "state" : {
        "revision" : "381b34930b5fbcc6069ce3c7151d2882ad592406",
        "version" : "6.9.1"
      }
    }
  ],
  "version" : 3
}
